
Microsoft Visual Studio Solution File, Format Version 12.00
# Visual Studio Version 16
VisualStudioVersion = 16.0.29424.173
MinimumVisualStudioVersion = 10.0.40219.1
Project("{FAE04EC0-301F-11D3-BF4B-00C04F79EFBC}") = "SRSOnline", "SRSOnline\SRSOnline.csproj", "{BDCEC8C0-5769-4F4D-9A32-F33E1278F7EC}"
EndProject
Global
	GlobalSection(SolutionConfigurationPlatforms) = preSolution
		Debug|Any CPU = Debug|Any CPU
		Release|Any CPU = Release|Any CPU
	EndGlobalSection
	GlobalSection(ProjectConfigurationPlatforms) = postSolution
		{BDCEC8C0-5769-4F4D-9A32-F33E1278F7EC}.Debug|Any CPU.ActiveCfg = Debug|Any CPU
		{BDCEC8C0-5769-4F4D-9A32-F33E1278F7EC}.Debug|Any CPU.Build.0 = Debug|Any CPU
		{BDCEC8C0-5769-4F4D-9A32-F33E1278F7EC}.Release|Any CPU.ActiveCfg = Release|Any CPU
		{BDCEC8C0-5769-4F4D-9A32-F33E1278F7EC}.Release|Any CPU.Build.0 = Release|Any CPU
	EndGlobalSection
	GlobalSection(SolutionProperties) = preSolution
		HideSolutionNode = FALSE
	EndGlobalSection
	GlobalSection(ExtensibilityGlobals) = postSolution
		SolutionGuid = {446965D1-DB4C-44C6-B09E-266BA0F3DCE1}
	EndGlobalSection
EndGlobal
